
Microsoft Visual Studio Solution File, Format Version 12.00
# Visual Studio Version 16
VisualStudioVersion = 16.0.810.18
MinimumVisualStudioVersion = 10.0.40219.1
Project("{FAE04EC0-301F-11D3-BF4B-00C04F79EFBC}") = "testFichier.app", "testFichier.app\testFichier.app.csproj", "{96AA5831-D5D9-410B-A4DB-43929AACCFEF}"
EndProject
Project("{FAE04EC0-301F-11D3-BF4B-00C04F79EFBC}") = "testFichier.Model", "testFichier.Model\testFichier.Model.csproj", "{F77FE154-9AEF-415B-AF4D-F4F30DC4C053}"
EndProject
Project("{FAE04EC0-301F-11D3-BF4B-00C04F79EFBC}") = "testFichier.Business", "testFichier.Business\testFichier.Business.csproj", "{DF9A1337-BEC8-4D2A-84BF-486273EA62BC}"
EndProject
Global
	GlobalSection(SolutionConfigurationPlatforms) = preSolution
		Debug|Any CPU = Debug|Any CPU
		Release|Any CPU = Release|Any CPU
	EndGlobalSection
	GlobalSection(ProjectConfigurationPlatforms) = postSolution
		{96AA5831-D5D9-410B-A4DB-43929AACCFEF}.Debug|Any CPU.ActiveCfg = Debug|Any CPU
		{96AA5831-D5D9-410B-A4DB-43929AACCFEF}.Debug|Any CPU.Build.0 = Debug|Any CPU
		{96AA5831-D5D9-410B-A4DB-43929AACCFEF}.Release|Any CPU.ActiveCfg = Release|Any CPU
		{96AA5831-D5D9-410B-A4DB-43929AACCFEF}.Release|Any CPU.Build.0 = Release|Any CPU
		{F77FE154-9AEF-415B-AF4D-F4F30DC4C053}.Debug|Any CPU.ActiveCfg = Debug|Any CPU
		{F77FE154-9AEF-415B-AF4D-F4F30DC4C053}.Debug|Any CPU.Build.0 = Debug|Any CPU
		{F77FE154-9AEF-415B-AF4D-F4F30DC4C053}.Release|Any CPU.ActiveCfg = Release|Any CPU
		{F77FE154-9AEF-415B-AF4D-F4F30DC4C053}.Release|Any CPU.Build.0 = Release|Any CPU
		{DF9A1337-BEC8-4D2A-84BF-486273EA62BC}.Debug|Any CPU.ActiveCfg = Debug|Any CPU
		{DF9A1337-BEC8-4D2A-84BF-486273EA62BC}.Debug|Any CPU.Build.0 = Debug|Any CPU
		{DF9A1337-BEC8-4D2A-84BF-486273EA62BC}.Release|Any CPU.ActiveCfg = Release|Any CPU
		{DF9A1337-BEC8-4D2A-84BF-486273EA62BC}.Release|Any CPU.Build.0 = Release|Any CPU
	EndGlobalSection
	GlobalSection(SolutionProperties) = preSolution
		HideSolutionNode = FALSE
	EndGlobalSection
	GlobalSection(ExtensibilityGlobals) = postSolution
		SolutionGuid = {83EC12B2-911E-430C-9770-E1A3A737BE73}
	EndGlobalSection
EndGlobal
